
Microsoft Visual Studio Solution File, Format Version 12.00
# Visual Studio Version 16
VisualStudioVersion = 16.0.29418.71
MinimumVisualStudioVersion = 10.0.40219.1
Project("{FAE04EC0-301F-11D3-BF4B-00C04F79EFBC}") = "WorkDayTokenExtractionExample", "WorkDayTokenExtractionExample\WorkDayTokenExtractionExample.csproj", "{86677D81-445C-4A30-B193-D26F02AF2F6C}"
EndProject
Global
	GlobalSection(SolutionConfigurationPlatforms) = preSolution
		Debug|Any CPU = Debug|Any CPU
		Release|Any CPU = Release|Any CPU
	EndGlobalSection
	GlobalSection(ProjectConfigurationPlatforms) = postSolution
		{86677D81-445C-4A30-B193-D26F02AF2F6C}.Debug|Any CPU.ActiveCfg = Debug|Any CPU
		{86677D81-445C-4A30-B193-D26F02AF2F6C}.Debug|Any CPU.Build.0 = Debug|Any CPU
		{86677D81-445C-4A30-B193-D26F02AF2F6C}.Release|Any CPU.ActiveCfg = Release|Any CPU
		{86677D81-445C-4A30-B193-D26F02AF2F6C}.Release|Any CPU.Build.0 = Release|Any CPU
	EndGlobalSection
	GlobalSection(SolutionProperties) = preSolution
		HideSolutionNode = FALSE
	EndGlobalSection
	GlobalSection(ExtensibilityGlobals) = postSolution
		SolutionGuid = {C1455D51-C4B8-4F1F-995B-B901CEEB7813}
	EndGlobalSection
EndGlobal
